
Microsoft Visual Studio Solution File, Format Version 12.00
# Visual Studio Version 17
VisualStudioVersion = 17.5.33516.290
MinimumVisualStudioVersion = 10.0.40219.1
Project("{9A19103F-16F7-4668-BE54-9A1E7A4F7556}") = "KampIntro", "KampIntro\KampIntro.csproj", "{CA0ABD8D-D5F0-42CA-831F-FDC78950B6BC}"
EndProject
Project("{9A19103F-16F7-4668-BE54-9A1E7A4F7556}") = "Donguler", "Donguler\Donguler.csproj", "{F0404831-9CCB-43DD-8A5A-FFB348356060}"
EndProject
Project("{9A19103F-16F7-4668-BE54-9A1E7A4F7556}") = "ClassIntro", "ClassIntro\ClassIntro.csproj", "{BBCE914B-7F38-4870-B699-EFCA28C4432A}"
EndProject
Project("{9A19103F-16F7-4668-BE54-9A1E7A4F7556}") = "Metotlar", "Metotlar\Metotlar.csproj", "{F502419F-0ED2-4EBB-B4DA-00EEC43ACFD3}"
EndProject
Project("{9A19103F-16F7-4668-BE54-9A1E7A4F7556}") = "Matematik", "Matematik\Matematik.csproj", "{C56C2A4D-F403-4E47-A886-58B216032976}"
EndProject
Project("{9A19103F-16F7-4668-BE54-9A1E7A4F7556}") = "DegerVeReferansTipler", "DegerVeReferansTipler\DegerVeReferansTipler.csproj", "{71FF33D7-774C-410E-91E7-C163D96C0457}"
EndProject
Project("{9A19103F-16F7-4668-BE54-9A1E7A4F7556}") = "OOP1", "OOP1\OOP1.csproj", "{25CD613C-760D-418D-AF07-C4EE6F247B41}"
EndProject
Project("{9A19103F-16F7-4668-BE54-9A1E7A4F7556}") = "Collections", "Collections\Collections.csproj", "{1BB4704D-3670-4FAA-A09F-49BA3C8613DE}"
EndProject
Project("{9A19103F-16F7-4668-BE54-9A1E7A4F7556}") = "GenericsIntro", "GenericsIntro\GenericsIntro.csproj", "{1FBB69D1-CD78-42ED-95F9-8F0623D2F95E}"
EndProject
Project("{9A19103F-16F7-4668-BE54-9A1E7A4F7556}") = "OOP2", "OOP2\OOP2.csproj", "{210A8783-8DD9-4F86-BCF1-10F38F125CE8}"
EndProject
Project("{FAE04EC0-301F-11D3-BF4B-00C04F79EFBC}") = "OOP3", "OOP3\OOP3.csproj", "{D220ADCD-366E-4808-B270-7D06C722F0E4}"
EndProject
Global
	GlobalSection(SolutionConfigurationPlatforms) = preSolution
		Debug|Any CPU = Debug|Any CPU
		Release|Any CPU = Release|Any CPU
	EndGlobalSection
	GlobalSection(ProjectConfigurationPlatforms) = postSolution
		{CA0ABD8D-D5F0-42CA-831F-FDC78950B6BC}.Debug|Any CPU.ActiveCfg = Debug|Any CPU
		{CA0ABD8D-D5F0-42CA-831F-FDC78950B6BC}.Debug|Any CPU.Build.0 = Debug|Any CPU
		{CA0ABD8D-D5F0-42CA-831F-FDC78950B6BC}.Release|Any CPU.ActiveCfg = Release|Any CPU
		{CA0ABD8D-D5F0-42CA-831F-FDC78950B6BC}.Release|Any CPU.Build.0 = Release|Any CPU
		{F0404831-9CCB-43DD-8A5A-FFB348356060}.Debug|Any CPU.ActiveCfg = Debug|Any CPU
		{F0404831-9CCB-43DD-8A5A-FFB348356060}.Debug|Any CPU.Build.0 = Debug|Any CPU
		{F0404831-9CCB-43DD-8A5A-FFB348356060}.Release|Any CPU.ActiveCfg = Release|Any CPU
		{F0404831-9CCB-43DD-8A5A-FFB348356060}.Release|Any CPU.Build.0 = Release|Any CPU
		{BBCE914B-7F38-4870-B699-EFCA28C4432A}.Debug|Any CPU.ActiveCfg = Debug|Any CPU
		{BBCE914B-7F38-4870-B699-EFCA28C4432A}.Debug|Any CPU.Build.0 = Debug|Any CPU
		{BBCE914B-7F38-4870-B699-EFCA28C4432A}.Release|Any CPU.ActiveCfg = Release|Any CPU
		{BBCE914B-7F38-4870-B699-EFCA28C4432A}.Release|Any CPU.Build.0 = Release|Any CPU
		{F502419F-0ED2-4EBB-B4DA-00EEC43ACFD3}.Debug|Any CPU.ActiveCfg = Debug|Any CPU
		{F502419F-0ED2-4EBB-B4DA-00EEC43ACFD3}.Debug|Any CPU.Build.0 = Debug|Any CPU
		{F502419F-0ED2-4EBB-B4DA-00EEC43ACFD3}.Release|Any CPU.ActiveCfg = Release|Any CPU
		{F502419F-0ED2-4EBB-B4DA-00EEC43ACFD3}.Release|Any CPU.Build.0 = Release|Any CPU
		{C56C2A4D-F403-4E47-A886-58B216032976}.Debug|Any CPU.ActiveCfg = Debug|Any CPU
		{C56C2A4D-F403-4E47-A886-58B216032976}.Debug|Any CPU.Build.0 = Debug|Any CPU
		{C56C2A4D-F403-4E47-A886-58B216032976}.Release|Any CPU.ActiveCfg = Release|Any CPU
		{C56C2A4D-F403-4E47-A886-58B216032976}.Release|Any CPU.Build.0 = Release|Any CPU
		{71FF33D7-774C-410E-91E7-C163D96C0457}.Debug|Any CPU.ActiveCfg = Debug|Any CPU
		{71FF33D7-774C-410E-91E7-C163D96C0457}.Debug|Any CPU.Build.0 = Debug|Any CPU
		{71FF33D7-774C-410E-91E7-C163D96C0457}.Release|Any CPU.ActiveCfg = Release|Any CPU
		{71FF33D7-774C-410E-91E7-C163D96C0457}.Release|Any CPU.Build.0 = Release|Any CPU
		{25CD613C-760D-418D-AF07-C4EE6F247B41}.Debug|Any CPU.ActiveCfg = Debug|Any CPU
		{25CD613C-760D-418D-AF07-C4EE6F247B41}.Debug|Any CPU.Build.0 = Debug|Any CPU
		{25CD613C-760D-418D-AF07-C4EE6F247B41}.Release|Any CPU.ActiveCfg = Release|Any CPU
		{25CD613C-760D-418D-AF07-C4EE6F247B41}.Release|Any CPU.Build.0 = Release|Any CPU
		{1BB4704D-3670-4FAA-A09F-49BA3C8613DE}.Debug|Any CPU.ActiveCfg = Debug|Any CPU
		{1BB4704D-3670-4FAA-A09F-49BA3C8613DE}.Debug|Any CPU.Build.0 = Debug|Any CPU
		{1BB4704D-3670-4FAA-A09F-49BA3C8613DE}.Release|Any CPU.ActiveCfg = Release|Any CPU
		{1BB4704D-3670-4FAA-A09F-49BA3C8613DE}.Release|Any CPU.Build.0 = Release|Any CPU
		{1FBB69D1-CD78-42ED-95F9-8F0623D2F95E}.Debug|Any CPU.ActiveCfg = Debug|Any CPU
		{1FBB69D1-CD78-42ED-95F9-8F0623D2F95E}.Debug|Any CPU.Build.0 = Debug|Any CPU
		{1FBB69D1-CD78-42ED-95F9-8F0623D2F95E}.Release|Any CPU.ActiveCfg = Release|Any CPU
		{1FBB69D1-CD78-42ED-95F9-8F0623D2F95E}.Release|Any CPU.Build.0 = Release|Any CPU
		{210A8783-8DD9-4F86-BCF1-10F38F125CE8}.Debug|Any CPU.ActiveCfg = Debug|Any CPU
		{210A8783-8DD9-4F86-BCF1-10F38F125CE8}.Debug|Any CPU.Build.0 = Debug|Any CPU
		{210A8783-8DD9-4F86-BCF1-10F38F125CE8}.Release|Any CPU.ActiveCfg = Release|Any CPU
		{210A8783-8DD9-4F86-BCF1-10F38F125CE8}.Release|Any CPU.Build.0 = Release|Any CPU
		{D220ADCD-366E-4808-B270-7D06C722F0E4}.Debug|Any CPU.ActiveCfg = Debug|Any CPU
		{D220ADCD-366E-4808-B270-7D06C722F0E4}.Debug|Any CPU.Build.0 = Debug|Any CPU
		{D220ADCD-366E-4808-B270-7D06C722F0E4}.Release|Any CPU.ActiveCfg = Release|Any CPU
		{D220ADCD-366E-4808-B270-7D06C722F0E4}.Release|Any CPU.Build.0 = Release|Any CPU
	EndGlobalSection
	GlobalSection(SolutionProperties) = preSolution
		HideSolutionNode = FALSE
	EndGlobalSection
	GlobalSection(ExtensibilityGlobals) = postSolution
		SolutionGuid = {49FFAFED-536F-4B13-AFF4-E46CD7C54D24}
	EndGlobalSection
EndGlobal
